
Microsoft Visual Studio Solution File, Format Version 12.00
Project("{FAE04EC0-301F-11D3-BF4B-00C04F79EFBC}") = "ReactorOptimizer", "ReactorOptimizer.csproj", "{A7E8B23E-F499-42E4-82EE-44059960CFE5}"
EndProject
Global
	GlobalSection(SolutionConfigurationPlatforms) = preSolution
		Debug|Any CPU = Debug|Any CPU
		Release|Any CPU = Release|Any CPU
	EndGlobalSection
	GlobalSection(ProjectConfigurationPlatforms) = postSolution
		{A7E8B23E-F499-42E4-82EE-44059960CFE5}.Debug|Any CPU.ActiveCfg = Debug|Any CPU
		{A7E8B23E-F499-42E4-82EE-44059960CFE5}.Debug|Any CPU.Build.0 = Debug|Any CPU
		{A7E8B23E-F499-42E4-82EE-44059960CFE5}.Release|Any CPU.ActiveCfg = Release|Any CPU
		{A7E8B23E-F499-42E4-82EE-44059960CFE5}.Release|Any CPU.Build.0 = Release|Any CPU
	EndGlobalSection
EndGlobal
